{
  "version": 1,
  "dependencies": {
    "net7.0": {
      "Spectre.Console": {
        "type": "Direct",
        "requested": "[0.45.0, )",
        "resolved": "0.45.0",
        "contentHash": "e//13o8/BCrWmwN26eJ4zCzD2iq7iUlqQd+nDI9nJUdnJ/rYAanYiNFZZ7YHwlv48IKuKtRYYP6/wPt1DG67ww==",
        "dependencies": {
          "System.Memory": "4.5.5"
        }
      },
      "System.Memory": {
        "type": "Transitive",
        "resolved": "4.5.5",
        "contentHash": "XIWiDvKPXaTveaB7HVganDlOCRoj03l+jrwNvcge/t8vhGYKvqV+dMv6G4SAX2NoNmN0wZfVPTAlFwZcZvVOUw=="
      },
      "System.Text.Encodings.Web": {
        "type": "Transitive",
        "resolved": "7.0.0",
        "contentHash": "OP6umVGxc0Z0MvZQBVigj4/U31Pw72ITihDWP9WiWDm+q5aoe0GaJivsfYGq53o6dxH7DcXWiCTl7+0o2CGdmg=="
      },
      "System.Text.Json": {
        "type": "Transitive",
        "resolved": "7.0.0",
        "contentHash": "DaGSsVqKsn/ia6RG8frjwmJonfos0srquhw09TlT8KRw5I43E+4gs+/bZj4K0vShJ5H9imCuXupb4RmS+dBy3w==",
        "dependencies": {
          "System.Text.Encodings.Web": "7.0.0"
        }
      },
      "gw2sdk": {
        "type": "Project",
        "dependencies": {
          "System.Text.Json": "[7.0.0, )"
        }
      }
    }
  }
}