
Microsoft Visual Studio Solution File, Format Version 12.00
# Visual Studio Version 17
VisualStudioVersion = 17.1.32328.378
MinimumVisualStudioVersion = 10.0.40219.1
Project("{9A19103F-16F7-4668-BE54-9A1E7A4F7556}") = "GW2SDK", "GW2SDK\GW2SDK.csproj", "{94A2B678-DEB4-42F2-B5BA-935C1FB6DB19}"
EndProject
Project("{9A19103F-16F7-4668-BE54-9A1E7A4F7556}") = "GW2SDK.Tests", "GW2SDK.Tests\GW2SDK.Tests.csproj", "{55D98C85-2530-4006-BBB9-57FC5C00E728}"
EndProject
Project("{9A19103F-16F7-4668-BE54-9A1E7A4F7556}") = "GW2SDK.TestDataHelper", "GW2SDK.TestDataHelper\GW2SDK.TestDataHelper.csproj", "{3F9597CF-264D-4C23-9E61-A774782EEAFB}"
EndProject
Project("{2150E333-8FDC-42A3-9474-1A3956D46DE8}") = "workflows", "workflows", "{4EB0CF28-5D3A-47AD-B4E3-8E94F9289B5C}"
	ProjectSection(SolutionItems) = preProject
		.github\workflows\ci.yml = .github\workflows\ci.yml
	EndProjectSection
EndProject
Project("{2150E333-8FDC-42A3-9474-1A3956D46DE8}") = "root", "root", "{63243B77-9BE8-41CE-B2F6-B306E3F150CB}"
	ProjectSection(SolutionItems) = preProject
		.editorconfig = .editorconfig
		.gitattributes = .gitattributes
		coverletArgs.runsettings = coverletArgs.runsettings
		Directory.Build.props = Directory.Build.props
		global.json = global.json
		GW2SDK.sln.DotSettings = GW2SDK.sln.DotSettings
		nuget.config = nuget.config
		README.md = README.md
	EndProjectSection
EndProject
Project("{2150E333-8FDC-42A3-9474-1A3956D46DE8}") = "samples", "samples", "{816817BB-0465-4D44-89A6-6CB64A1FF589}"
	ProjectSection(SolutionItems) = preProject
		samples\Directory.Build.props = samples\Directory.Build.props
	EndProjectSection
EndProject
Project("{9A19103F-16F7-4668-BE54-9A1E7A4F7556}") = "ApiVersionInfo", "samples\ApiVersionInfo\ApiVersionInfo.csproj", "{7322DA3F-5F6F-4EBA-BB85-DCFB67B3B620}"
EndProject
Project("{9A19103F-16F7-4668-BE54-9A1E7A4F7556}") = "MostVersatileMaterials", "samples\MostVersatileMaterials\MostVersatileMaterials.csproj", "{B374256A-3BF9-41AC-B68E-CA8FA39CA328}"
EndProject
Project("{9A19103F-16F7-4668-BE54-9A1E7A4F7556}") = "Mumble", "samples\Mumble\Mumble.csproj", "{506EA451-0D44-4B1F-BF58-ACB7BC312AEA}"
EndProject
Project("{FAE04EC0-301F-11D3-BF4B-00C04F79EFBC}") = "QuagganGalleria", "samples\QuagganGalleria\QuagganGalleria.csproj", "{F777EA49-9155-471D-ABA1-16A11B97268C}"
EndProject
Project("{FAE04EC0-301F-11D3-BF4B-00C04F79EFBC}") = "BasicUsage", "samples\BasicUsage\BasicUsage.csproj", "{A3DDC8D6-5C42-42E5-AF42-B5F9ADD8542E}"
EndProject
Project("{FAE04EC0-301F-11D3-BF4B-00C04F79EFBC}") = "AdvancedUsage", "samples\AdvancedUsage\AdvancedUsage.csproj", "{91165AC9-D42E-40D6-86C3-AE5C2A489721}"
EndProject
Project("{FAE04EC0-301F-11D3-BF4B-00C04F79EFBC}") = "HttpClientFactoryUsage", "samples\HttpClientFactoryUsage\HttpClientFactoryUsage.csproj", "{F63A66C7-5520-4265-9F28-64DCCD1A6AA8}"
EndProject
Project("{FAE04EC0-301F-11D3-BF4B-00C04F79EFBC}") = "PollyUsage", "samples\PollyUsage\PollyUsage.csproj", "{0BA80C1D-40A9-4B20-9558-82C0AA58BC1F}"
EndProject
Global
	GlobalSection(SolutionConfigurationPlatforms) = preSolution
		Debug|Any CPU = Debug|Any CPU
		Release|Any CPU = Release|Any CPU
	EndGlobalSection
	GlobalSection(ProjectConfigurationPlatforms) = postSolution
		{94A2B678-DEB4-42F2-B5BA-935C1FB6DB19}.Debug|Any CPU.ActiveCfg = Debug|Any CPU
		{94A2B678-DEB4-42F2-B5BA-935C1FB6DB19}.Debug|Any CPU.Build.0 = Debug|Any CPU
		{94A2B678-DEB4-42F2-B5BA-935C1FB6DB19}.Release|Any CPU.ActiveCfg = Release|Any CPU
		{94A2B678-DEB4-42F2-B5BA-935C1FB6DB19}.Release|Any CPU.Build.0 = Release|Any CPU
		{55D98C85-2530-4006-BBB9-57FC5C00E728}.Debug|Any CPU.ActiveCfg = Debug|Any CPU
		{55D98C85-2530-4006-BBB9-57FC5C00E728}.Debug|Any CPU.Build.0 = Debug|Any CPU
		{55D98C85-2530-4006-BBB9-57FC5C00E728}.Release|Any CPU.ActiveCfg = Release|Any CPU
		{55D98C85-2530-4006-BBB9-57FC5C00E728}.Release|Any CPU.Build.0 = Release|Any CPU
		{3F9597CF-264D-4C23-9E61-A774782EEAFB}.Debug|Any CPU.ActiveCfg = Debug|Any CPU
		{3F9597CF-264D-4C23-9E61-A774782EEAFB}.Debug|Any CPU.Build.0 = Debug|Any CPU
		{3F9597CF-264D-4C23-9E61-A774782EEAFB}.Release|Any CPU.ActiveCfg = Release|Any CPU
		{3F9597CF-264D-4C23-9E61-A774782EEAFB}.Release|Any CPU.Build.0 = Release|Any CPU
		{7322DA3F-5F6F-4EBA-BB85-DCFB67B3B620}.Debug|Any CPU.ActiveCfg = Debug|Any CPU
		{7322DA3F-5F6F-4EBA-BB85-DCFB67B3B620}.Debug|Any CPU.Build.0 = Debug|Any CPU
		{7322DA3F-5F6F-4EBA-BB85-DCFB67B3B620}.Release|Any CPU.ActiveCfg = Release|Any CPU
		{7322DA3F-5F6F-4EBA-BB85-DCFB67B3B620}.Release|Any CPU.Build.0 = Release|Any CPU
		{B374256A-3BF9-41AC-B68E-CA8FA39CA328}.Debug|Any CPU.ActiveCfg = Debug|Any CPU
		{B374256A-3BF9-41AC-B68E-CA8FA39CA328}.Debug|Any CPU.Build.0 = Debug|Any CPU
		{B374256A-3BF9-41AC-B68E-CA8FA39CA328}.Release|Any CPU.ActiveCfg = Release|Any CPU
		{B374256A-3BF9-41AC-B68E-CA8FA39CA328}.Release|Any CPU.Build.0 = Release|Any CPU
		{506EA451-0D44-4B1F-BF58-ACB7BC312AEA}.Debug|Any CPU.ActiveCfg = Debug|Any CPU
		{506EA451-0D44-4B1F-BF58-ACB7BC312AEA}.Debug|Any CPU.Build.0 = Debug|Any CPU
		{506EA451-0D44-4B1F-BF58-ACB7BC312AEA}.Release|Any CPU.ActiveCfg = Release|Any CPU
		{506EA451-0D44-4B1F-BF58-ACB7BC312AEA}.Release|Any CPU.Build.0 = Release|Any CPU
		{F777EA49-9155-471D-ABA1-16A11B97268C}.Debug|Any CPU.ActiveCfg = Debug|Any CPU
		{F777EA49-9155-471D-ABA1-16A11B97268C}.Debug|Any CPU.Build.0 = Debug|Any CPU
		{F777EA49-9155-471D-ABA1-16A11B97268C}.Release|Any CPU.ActiveCfg = Release|Any CPU
		{F777EA49-9155-471D-ABA1-16A11B97268C}.Release|Any CPU.Build.0 = Release|Any CPU
		{A3DDC8D6-5C42-42E5-AF42-B5F9ADD8542E}.Debug|Any CPU.ActiveCfg = Debug|Any CPU
		{A3DDC8D6-5C42-42E5-AF42-B5F9ADD8542E}.Debug|Any CPU.Build.0 = Debug|Any CPU
		{A3DDC8D6-5C42-42E5-AF42-B5F9ADD8542E}.Release|Any CPU.ActiveCfg = Release|Any CPU
		{A3DDC8D6-5C42-42E5-AF42-B5F9ADD8542E}.Release|Any CPU.Build.0 = Release|Any CPU
		{91165AC9-D42E-40D6-86C3-AE5C2A489721}.Debug|Any CPU.ActiveCfg = Debug|Any CPU
		{91165AC9-D42E-40D6-86C3-AE5C2A489721}.Debug|Any CPU.Build.0 = Debug|Any CPU
		{91165AC9-D42E-40D6-86C3-AE5C2A489721}.Release|Any CPU.ActiveCfg = Release|Any CPU
		{91165AC9-D42E-40D6-86C3-AE5C2A489721}.Release|Any CPU.Build.0 = Release|Any CPU
		{F63A66C7-5520-4265-9F28-64DCCD1A6AA8}.Debug|Any CPU.ActiveCfg = Debug|Any CPU
		{F63A66C7-5520-4265-9F28-64DCCD1A6AA8}.Debug|Any CPU.Build.0 = Debug|Any CPU
		{F63A66C7-5520-4265-9F28-64DCCD1A6AA8}.Release|Any CPU.ActiveCfg = Release|Any CPU
		{F63A66C7-5520-4265-9F28-64DCCD1A6AA8}.Release|Any CPU.Build.0 = Release|Any CPU
		{0BA80C1D-40A9-4B20-9558-82C0AA58BC1F}.Debug|Any CPU.ActiveCfg = Debug|Any CPU
		{0BA80C1D-40A9-4B20-9558-82C0AA58BC1F}.Debug|Any CPU.Build.0 = Debug|Any CPU
		{0BA80C1D-40A9-4B20-9558-82C0AA58BC1F}.Release|Any CPU.ActiveCfg = Release|Any CPU
		{0BA80C1D-40A9-4B20-9558-82C0AA58BC1F}.Release|Any CPU.Build.0 = Release|Any CPU
	EndGlobalSection
	GlobalSection(SolutionProperties) = preSolution
		HideSolutionNode = FALSE
	EndGlobalSection
	GlobalSection(NestedProjects) = preSolution
		{4EB0CF28-5D3A-47AD-B4E3-8E94F9289B5C} = {63243B77-9BE8-41CE-B2F6-B306E3F150CB}
		{7322DA3F-5F6F-4EBA-BB85-DCFB67B3B620} = {816817BB-0465-4D44-89A6-6CB64A1FF589}
		{B374256A-3BF9-41AC-B68E-CA8FA39CA328} = {816817BB-0465-4D44-89A6-6CB64A1FF589}
		{506EA451-0D44-4B1F-BF58-ACB7BC312AEA} = {816817BB-0465-4D44-89A6-6CB64A1FF589}
		{F777EA49-9155-471D-ABA1-16A11B97268C} = {816817BB-0465-4D44-89A6-6CB64A1FF589}
		{A3DDC8D6-5C42-42E5-AF42-B5F9ADD8542E} = {816817BB-0465-4D44-89A6-6CB64A1FF589}
		{91165AC9-D42E-40D6-86C3-AE5C2A489721} = {816817BB-0465-4D44-89A6-6CB64A1FF589}
		{F63A66C7-5520-4265-9F28-64DCCD1A6AA8} = {816817BB-0465-4D44-89A6-6CB64A1FF589}
		{0BA80C1D-40A9-4B20-9558-82C0AA58BC1F} = {816817BB-0465-4D44-89A6-6CB64A1FF589}
	EndGlobalSection
	GlobalSection(ExtensibilityGlobals) = postSolution
		SolutionGuid = {30CA8636-682D-4E26-943C-45133727C406}
	EndGlobalSection
EndGlobal
