{
  "version": 2,
  "dependencies": {
    "net9.0": {
      "Microsoft.Build.CopyOnWrite": {
        "type": "Direct",
        "requested": "[1.0.334, )",
        "resolved": "1.0.334",
        "contentHash": "Bi/e5guuwmyPL7Kp1G+PbcDvZFKsZxuHmc39IpYHAhWOvV8I/uIHPwAZ++Fa8k/w6pEqPdHCIrxSCelMNmu0dQ=="
      },
      "gw2sdk": {
        "type": "Project",
        "dependencies": {
          "System.Text.Json": "[9.0.6, )"
        }
      },
      "System.Text.Json": {
        "type": "CentralTransitive",
        "requested": "[9.0.6, )",
        "resolved": "9.0.6",
        "contentHash": "h+ZtYTyTnTh5Ju6mHCKb3FPGx4ylJZgm9W7Y2psUnkhQRPMOIxX+TCN0ZgaR/+Yea+93XHWAaMzYTar1/EHIPg=="
      }
    }
  }
}