{
  "version": 1,
  "dependencies": {
    "net8.0": {
      "System.Text.Encodings.Web": {
        "type": "Transitive",
        "resolved": "8.0.0-rc.2.23479.6",
        "contentHash": "n66ZIJjetmrMq9hJ61Xed2cp9O2zr/VdzhhURjkLDEFOZ38/VpOWnvM3CWCXA18NbM7x0tdKZYex9rj0NimpPA=="
      },
      "System.Text.Json": {
        "type": "Transitive",
        "resolved": "8.0.0-rc.2.23479.6",
        "contentHash": "SXMjrmm/e0Om+731AEUgm+81dC+i9mV54nKJGOq9+zTYpzujMCmSQSMS1sgQb0gmiiAfTfRC5WgD3l92cfAP+g==",
        "dependencies": {
          "System.Text.Encodings.Web": "8.0.0-rc.2.23479.6"
        }
      },
      "gw2sdk": {
        "type": "Project",
        "dependencies": {
          "System.Text.Json": "[8.0.0-rc.2.23479.6, )"
        }
      }
    }
  }
}