{
  "version": 2,
  "dependencies": {
    "net10.0": {
      "Microsoft.Build.CopyOnWrite": {
        "type": "Direct",
        "requested": "[1.0.334, )",
        "resolved": "1.0.334",
        "contentHash": "Bi/e5guuwmyPL7Kp1G+PbcDvZFKsZxuHmc39IpYHAhWOvV8I/uIHPwAZ++Fa8k/w6pEqPdHCIrxSCelMNmu0dQ=="
      },
      "Microsoft.Testing.Extensions.CodeCoverage": {
        "type": "Direct",
        "requested": "[18.1.0, )",
        "resolved": "18.1.0",
        "contentHash": "FJUCocHSPSjbeoGE/OojOhVUXwDng3VdNlwqzif9hMS2eFcG0f8RdjLM537aBsjP7zLHvGnWXbnUnc61v/EFCA==",
        "dependencies": {
          "Microsoft.DiaSymReader": "2.0.0",
          "Microsoft.Extensions.DependencyModel": "6.0.2",
          "Microsoft.Testing.Platform": "2.0.0"
        }
      },
      "Polyfill": {
        "type": "Direct",
        "requested": "[9.3.4, )",
        "resolved": "9.3.4",
        "contentHash": "zFuYW+R1FOUBqhe+Nipfj0RyJWSkCGJb1QMpZm6ucr7R1kTl5+d25D/1E3xdlz7PLFkgMFmOYahUhZvcgxjCcA=="
      },
      "TUnit": {
        "type": "Direct",
        "requested": "[1.7.20, )",
        "resolved": "1.7.20",
        "contentHash": "9+KN/ml22eu2NdhCjiV2MELBfOs1kuEWWHfjO079F2hBXevQ/d0wIrP7Ud3bxwB7YS3HM2V15TKnemjOjDJ8MA==",
        "dependencies": {
          "Microsoft.Testing.Extensions.CodeCoverage": "18.1.0",
          "Microsoft.Testing.Extensions.Telemetry": "2.0.2",
          "Microsoft.Testing.Extensions.TrxReport": "2.0.2",
          "TUnit.Assertions": "1.7.20",
          "TUnit.Engine": "1.7.20"
        }
      },
      "EnumerableAsyncProcessor": {
        "type": "Transitive",
        "resolved": "3.8.4",
        "contentHash": "KlbpupRCz3Kf+P7gsiDvFXJ980i/9lfihMZFmmxIk0Gf6mopEjy74OTJZmdaKDQpE29eQDBnMZB5khyW3eugrg=="
      },
      "Microsoft.ApplicationInsights": {
        "type": "Transitive",
        "resolved": "2.23.0",
        "contentHash": "nWArUZTdU7iqZLycLKWe0TDms48KKGE6pONH2terYNa8REXiqixrMOkf1sk5DHGMaUTqONU2YkS4SAXBhLStgw=="
      },
      "Microsoft.DiaSymReader": {
        "type": "Transitive",
        "resolved": "2.0.0",
        "contentHash": "QcZrCETsBJqy/vQpFtJc+jSXQ0K5sucQ6NUFbTNVHD4vfZZOwjZ/3sBzczkC4DityhD3AVO/+K/+9ioLs1AgRA=="
      },
      "Microsoft.Extensions.DependencyModel": {
        "type": "Transitive",
        "resolved": "6.0.2",
        "contentHash": "HS5YsudCGSVoCVdsYJ5FAO9vx0z04qSAXgVzpDJSQ1/w/X9q8hrQVGU2p+Yfui+2KcXLL+Zjc0SX3yJWtBmYiw=="
      },
      "Microsoft.Testing.Extensions.Telemetry": {
        "type": "Transitive",
        "resolved": "2.0.2",
        "contentHash": "H580BvHyuADoWzlH9zRk5fqVyGucm6mhph+k40CQc9O4ie+Buxa4Pk9Q92BEClqIICqi25J7fuMII9qFYYgKtw==",
        "dependencies": {
          "Microsoft.ApplicationInsights": "2.23.0",
          "Microsoft.Testing.Platform": "2.0.2"
        }
      },
      "Microsoft.Testing.Extensions.TrxReport": {
        "type": "Transitive",
        "resolved": "2.0.2",
        "contentHash": "6Tz2wZTNH/3hiskarOM5X9JaHV0QpIdIvEiLv6BJeJvtPS6AY+S47rg4K+czGSjQTkIgu5kT9SgZOwbfdhDD9Q==",
        "dependencies": {
          "Microsoft.Testing.Extensions.TrxReport.Abstractions": "2.0.2",
          "Microsoft.Testing.Platform": "2.0.2"
        }
      },
      "Microsoft.Testing.Extensions.TrxReport.Abstractions": {
        "type": "Transitive",
        "resolved": "2.0.2",
        "contentHash": "MrHYdPZ1CiyYp5bfjzNSghfVwl/I9osMazcZMAbwZY0BhR32i70YLf4zSXECvU2qt2PvDdrjYpGRgBscFbjDpw==",
        "dependencies": {
          "Microsoft.Testing.Platform": "2.0.2"
        }
      },
      "Microsoft.Testing.Platform": {
        "type": "Transitive",
        "resolved": "2.0.2",
        "contentHash": "43NCOTEENtdc9fmlzX9KHQR14AZEYek5r4jOJlWPhTyV1+aYAQYl4x773nYXU5TKxV6+rMuniJ7wcj9C9qrP1A=="
      },
      "Microsoft.Testing.Platform.MSBuild": {
        "type": "Transitive",
        "resolved": "2.0.2",
        "contentHash": "2zKkQKaUoaKgb/3AekboWOdLMh4upCo1nLWQnjGzp8r9YjiNOZRrzTsJQ3A4U03AcbH0evlIvFDKYSUqmTVuug==",
        "dependencies": {
          "Microsoft.Testing.Platform": "2.0.2"
        }
      },
      "TUnit.Assertions": {
        "type": "Transitive",
        "resolved": "1.7.20",
        "contentHash": "9kj5RCb033GuUrHUXAaVKsaB7OTH7KPY5mCnBCuj5UjT0AnVvZ19UHeKo39Ybh9ANg3VO9cxzK7dhQpMUKJXYw=="
      },
      "TUnit.Core": {
        "type": "Transitive",
        "resolved": "1.7.20",
        "contentHash": "5GPWw+vWKL/w/6gMoSUm6n4QfjYW3Yx3HpQOKNlSRwNsHz62i/lChcCa/zcUuReHoE28P2EHEm3Slh0ZaKSt8g=="
      },
      "TUnit.Engine": {
        "type": "Transitive",
        "resolved": "1.7.20",
        "contentHash": "9JL60edaLk+H+fvR0WByYgKPywB40zlW2ij9q2bvY79alUbf/5Bza8rat+bwK0Nxve1K+sj7qLbhB/FthPxOJQ==",
        "dependencies": {
          "EnumerableAsyncProcessor": "3.8.4",
          "Microsoft.Testing.Extensions.TrxReport.Abstractions": "2.0.2",
          "Microsoft.Testing.Platform": "2.0.2",
          "Microsoft.Testing.Platform.MSBuild": "2.0.2",
          "TUnit.Core": "1.7.20"
        }
      },
      "guildwars2.tests.common": {
        "type": "Project",
        "dependencies": {
          "GW2SDK": "[1.0.0, )"
        }
      },
      "GW2SDK": {
        "type": "Project"
      }
    }
  }
}