{
  "version": 1,
  "dependencies": {
    "net8.0": {
      "Microsoft.Extensions.DependencyInjection": {
        "type": "Direct",
        "requested": "[8.0.0-rc.1.23419.4, )",
        "resolved": "8.0.0-rc.1.23419.4",
        "contentHash": "q1M8U8Qhf0siOpZ0PRB7jZR8Um+Pnm4HgCL81hYDtIunWJmlqEGKjGWg/gl140K9imZUqLkePSVVQGlP7/Xo+A==",
        "dependencies": {
          "Microsoft.Extensions.DependencyInjection.Abstractions": "8.0.0-rc.1.23419.4"
        }
      },
      "Microsoft.Extensions.Http.Polly": {
        "type": "Direct",
        "requested": "[8.0.0-rc.1.23421.29, )",
        "resolved": "8.0.0-rc.1.23421.29",
        "contentHash": "2jiyFexw2bd0CvIw0zJslPiTlSaac5mZCJVeC5hacKjSZNyY73/51G/VQnvGS01grrmqBDSSF+fIzntycVtv5w==",
        "dependencies": {
          "Microsoft.Extensions.Http": "8.0.0-rc.1.23419.4",
          "Polly": "7.2.4",
          "Polly.Extensions.Http": "3.0.0"
        }
      },
      "Polly": {
        "type": "Direct",
        "requested": "[8.0.0, )",
        "resolved": "8.0.0",
        "contentHash": "vwIDGI+vUCrufIFi2IpN0EnMyKFRyKHCiJ47yQUvBtAkE76f8xgFjrI7cLmLWv4NwSXZH6DxUG088QmEuHwIFw==",
        "dependencies": {
          "Polly.Core": "8.0.0"
        }
      },
      "Spectre.Console": {
        "type": "Direct",
        "requested": "[0.47.0, )",
        "resolved": "0.47.0",
        "contentHash": "wz8mszcZr0cSOo8GyoG9e2DFW0SkMT8/n78Q/lIXX7EbCtHNXOoOKWpJ9Str+rCYtmQOGGyDutZzubrUHK/XkA==",
        "dependencies": {
          "System.Memory": "4.5.5"
        }
      },
      "System.CommandLine.DragonFruit": {
        "type": "Direct",
        "requested": "[0.4.0-alpha.22272.1, )",
        "resolved": "0.4.0-alpha.22272.1",
        "contentHash": "E20ryy4/7RIbYsSj9+J2VBzdxFRG1D+Lu3bLSdfULdpSld6Vm+OuziStuxpnFf7nGaEtrN4FHpHF9uHINDMd4A==",
        "dependencies": {
          "System.CommandLine": "2.0.0-beta4.22272.1",
          "System.CommandLine.NamingConventionBinder": "2.0.0-beta4.22272.1",
          "System.CommandLine.Rendering": "0.4.0-alpha.22272.1"
        }
      },
      "System.Interactive": {
        "type": "Direct",
        "requested": "[6.0.1, )",
        "resolved": "6.0.1",
        "contentHash": "q2E+Rkj35aGIPdZFKoBfI46LU1hGLHrhg9diif3psaRFeiMwSYom0VI0XHIQFYtGHzq2g1+3awHvK+7YntfNIQ=="
      },
      "Microsoft.CSharp": {
        "type": "Transitive",
        "resolved": "4.7.0",
        "contentHash": "pTj+D3uJWyN3My70i2Hqo+OXixq3Os2D1nJ2x92FFo6sk8fYS1m1WLNTs0Dc1uPaViH0YvEEwvzddQ7y4rhXmA=="
      },
      "Microsoft.Extensions.Configuration": {
        "type": "Transitive",
        "resolved": "8.0.0-rc.1.23419.4",
        "contentHash": "NoIBM0qnZrl5o3em/5Qx4T3HcDruKdDVvm4PsG/wiuWawtwHRqaqkFjPS66lPnu1Kgzv+D1JJd+r4C5wPxXErw==",
        "dependencies": {
          "Microsoft.Extensions.Configuration.Abstractions": "8.0.0-rc.1.23419.4",
          "Microsoft.Extensions.Primitives": "8.0.0-rc.1.23419.4"
        }
      },
      "Microsoft.Extensions.Configuration.Abstractions": {
        "type": "Transitive",
        "resolved": "8.0.0-rc.1.23419.4",
        "contentHash": "tY5wKwXNZ6cBeyHxvxyLy57TxUaA6H82/vW8vTTmikG9bkfRzfyS0EEDloiPzL4ln8P+3aZxeAestjPC6942Kg==",
        "dependencies": {
          "Microsoft.Extensions.Primitives": "8.0.0-rc.1.23419.4"
        }
      },
      "Microsoft.Extensions.Configuration.Binder": {
        "type": "Transitive",
        "resolved": "8.0.0-rc.1.23419.4",
        "contentHash": "npSDU7QSVdMjIFasVVBygHTaSd3H6rJD9zBXb6tcmAO8D7chkCJ2MarAYVKDICT5I9Hfawxv7FitJFAgNVIn3w==",
        "dependencies": {
          "Microsoft.Extensions.Configuration.Abstractions": "8.0.0-rc.1.23419.4"
        }
      },
      "Microsoft.Extensions.DependencyInjection.Abstractions": {
        "type": "Transitive",
        "resolved": "8.0.0-rc.1.23419.4",
        "contentHash": "SAv6AcbXKzvBq4kQAU5S9sW3ZOV7j4qLjqT+Iw6CLgqsSCgoJhmVvadtr8PUWaRfj4uVT9CX5V3zIojehtMq8w=="
      },
      "Microsoft.Extensions.Diagnostics": {
        "type": "Transitive",
        "resolved": "8.0.0-rc.1.23419.4",
        "contentHash": "RqerNpeQoixriNPi2RPxJWu9V6ljz3u/M9lCzwLsYtNqLKUzO3K838C8NU2uDFg0SviJyuMV1JG0RG+c9Hdglw==",
        "dependencies": {
          "Microsoft.Extensions.Configuration": "8.0.0-rc.1.23419.4",
          "Microsoft.Extensions.Diagnostics.Abstractions": "8.0.0-rc.1.23419.4",
          "Microsoft.Extensions.Options.ConfigurationExtensions": "8.0.0-rc.1.23419.4"
        }
      },
      "Microsoft.Extensions.Diagnostics.Abstractions": {
        "type": "Transitive",
        "resolved": "8.0.0-rc.1.23419.4",
        "contentHash": "ukvKfK+sgwReTEsbP3hCuXUWOCaqH7HCXGTXfqAyl6IvSJVZHWpTZAFHELcNbSz4hdAzG/8QY/4JxU5xNQOzlA==",
        "dependencies": {
          "Microsoft.Extensions.DependencyInjection.Abstractions": "8.0.0-rc.1.23419.4",
          "Microsoft.Extensions.Options": "8.0.0-rc.1.23419.4",
          "System.Diagnostics.DiagnosticSource": "8.0.0-rc.1.23419.4"
        }
      },
      "Microsoft.Extensions.Http": {
        "type": "Transitive",
        "resolved": "8.0.0-rc.1.23419.4",
        "contentHash": "uUCk1A8XUVUEGoTATMxih15uZoF8QzBB+MZwUfB3Lj4QAQZFxWG/VbUMrUyCKpvvvncOyXgT1xq0SAyLmzUPIw==",
        "dependencies": {
          "Microsoft.Extensions.Configuration.Abstractions": "8.0.0-rc.1.23419.4",
          "Microsoft.Extensions.DependencyInjection.Abstractions": "8.0.0-rc.1.23419.4",
          "Microsoft.Extensions.Diagnostics": "8.0.0-rc.1.23419.4",
          "Microsoft.Extensions.Logging": "8.0.0-rc.1.23419.4",
          "Microsoft.Extensions.Logging.Abstractions": "8.0.0-rc.1.23419.4",
          "Microsoft.Extensions.Options": "8.0.0-rc.1.23419.4"
        }
      },
      "Microsoft.Extensions.Logging": {
        "type": "Transitive",
        "resolved": "8.0.0-rc.1.23419.4",
        "contentHash": "n39LJSx0Mpl89hhT0DWTyPyGv/z60/Ygp0b4ZE1zNy9R8O42PrsK+XFdiaKtCnpOPezX2Jq07dFyZzpCqmIvzw==",
        "dependencies": {
          "Microsoft.Extensions.DependencyInjection": "8.0.0-rc.1.23419.4",
          "Microsoft.Extensions.Logging.Abstractions": "8.0.0-rc.1.23419.4",
          "Microsoft.Extensions.Options": "8.0.0-rc.1.23419.4"
        }
      },
      "Microsoft.Extensions.Logging.Abstractions": {
        "type": "Transitive",
        "resolved": "8.0.0-rc.1.23419.4",
        "contentHash": "jphvzZmIDCEwl5PkxegeiO0y+zeMRg92QtY0weVFy8tH9ySgb2EwX85B78H0FYTFixFApRlmsh/pEdEs+VKbZA==",
        "dependencies": {
          "Microsoft.Extensions.DependencyInjection.Abstractions": "8.0.0-rc.1.23419.4"
        }
      },
      "Microsoft.Extensions.Options": {
        "type": "Transitive",
        "resolved": "8.0.0-rc.1.23419.4",
        "contentHash": "fsKycFyh/aX7Vs9o/gOH+XBWRh5VB4iwV6xHZdvN9kDvJfBhCm2IQ/E+xaWa5KtX7tXOx0hclZ8ihK97ab3mPQ==",
        "dependencies": {
          "Microsoft.Extensions.DependencyInjection.Abstractions": "8.0.0-rc.1.23419.4",
          "Microsoft.Extensions.Primitives": "8.0.0-rc.1.23419.4"
        }
      },
      "Microsoft.Extensions.Options.ConfigurationExtensions": {
        "type": "Transitive",
        "resolved": "8.0.0-rc.1.23419.4",
        "contentHash": "7y1Ob1fZniZnTGeuurHjGAXmW0+reI4MUOZxR3Dyvu9htNSkGsrsICY2f0bIev1D+pQrFwNg/+yUOpvc46/jkg==",
        "dependencies": {
          "Microsoft.Extensions.Configuration.Abstractions": "8.0.0-rc.1.23419.4",
          "Microsoft.Extensions.Configuration.Binder": "8.0.0-rc.1.23419.4",
          "Microsoft.Extensions.DependencyInjection.Abstractions": "8.0.0-rc.1.23419.4",
          "Microsoft.Extensions.Options": "8.0.0-rc.1.23419.4",
          "Microsoft.Extensions.Primitives": "8.0.0-rc.1.23419.4"
        }
      },
      "Microsoft.Extensions.Primitives": {
        "type": "Transitive",
        "resolved": "8.0.0-rc.1.23419.4",
        "contentHash": "zyoB4zblhvpylS9VOmKyBuGH+RjKDsfi0cTB2KRPPDD6tFinpP+vGr3dictaNYLhGUg6jaBmq+2H/WZMCnvGDQ=="
      },
      "Polly.Core": {
        "type": "Transitive",
        "resolved": "8.0.0",
        "contentHash": "g+8HnRjFTs8Ujz4Si4slrVrEK9M92DjvF75WvNpnF/lbT8M3/xW+tuD2udTiv2KuOsFOsRfOcZ12PddizrtXVA=="
      },
      "Polly.Extensions.Http": {
        "type": "Transitive",
        "resolved": "3.0.0",
        "contentHash": "drrG+hB3pYFY7w1c3BD+lSGYvH2oIclH8GRSehgfyP5kjnFnHKQuuBhuHLv+PWyFuaTDyk/vfRpnxOzd11+J8g==",
        "dependencies": {
          "Polly": "7.1.0"
        }
      },
      "System.CommandLine": {
        "type": "Transitive",
        "resolved": "2.0.0-beta4.22272.1",
        "contentHash": "1uqED/q2H0kKoLJ4+hI2iPSBSEdTuhfCYADeJrAqERmiGQ2NNacYKRNEQ+gFbU4glgVyK8rxI+ZOe1onEtr/Pg=="
      },
      "System.CommandLine.NamingConventionBinder": {
        "type": "Transitive",
        "resolved": "2.0.0-beta4.22272.1",
        "contentHash": "ux2eUA/syF+JtlpMDc/Lsd6PBIBuwjH3AvHnestoh5uD0WKT5b+wkQxDWVCqp9qgVjMBTLNhX19ZYFtenunt9A==",
        "dependencies": {
          "System.CommandLine": "2.0.0-beta4.22272.1"
        }
      },
      "System.CommandLine.Rendering": {
        "type": "Transitive",
        "resolved": "0.4.0-alpha.22272.1",
        "contentHash": "PQd7HStYn6RYjc5zuerR41sALm3qFDutzDHISB5DYbExSgll6s8zghfyYFdLioLPWpFxVyMj3L9Ki69jqqum/g==",
        "dependencies": {
          "Microsoft.CSharp": "4.7.0",
          "System.CommandLine": "2.0.0-beta4.22272.1"
        }
      },
      "System.Diagnostics.DiagnosticSource": {
        "type": "Transitive",
        "resolved": "8.0.0-rc.1.23419.4",
        "contentHash": "hdyhGAFW9nXz+UfN8XxW4iTzyef03BsIXc6AqLNbDcqw63343di6XFGFSYJ8Rh+yHlZazrGTt6keQ2GDh9avmg=="
      },
      "System.Memory": {
        "type": "Transitive",
        "resolved": "4.5.5",
        "contentHash": "XIWiDvKPXaTveaB7HVganDlOCRoj03l+jrwNvcge/t8vhGYKvqV+dMv6G4SAX2NoNmN0wZfVPTAlFwZcZvVOUw=="
      },
      "System.Text.Encodings.Web": {
        "type": "Transitive",
        "resolved": "8.0.0-rc.1.23419.4",
        "contentHash": "p7x+hBP1/7bC+KXeFARIUP00MHbm796rWB8iqO8Ag2ML6SB13qbs3240nvdHwA3vLpVEOMCFhrbJoJf81QDMiw=="
      },
      "System.Text.Json": {
        "type": "Transitive",
        "resolved": "8.0.0-rc.1.23419.4",
        "contentHash": "sXFoiHIhz/E5iQin+3oAyBvDww8eYjO0c1vZAico4X6Bbwezjl0Z32lmm4zXgUQ0ol/fl27OSEqWIw+ykWYWHg==",
        "dependencies": {
          "System.Text.Encodings.Web": "8.0.0-rc.1.23419.4"
        }
      },
      "gw2sdk": {
        "type": "Project",
        "dependencies": {
          "System.Text.Json": "[8.0.0-rc.1.23419.4, )"
        }
      }
    }
  }
}