{
  "version": 1,
  "dependencies": {
    "net8.0": {
      "Microsoft.Extensions.Hosting": {
        "type": "Direct",
        "requested": "[8.0.0-rc.2.23479.6, )",
        "resolved": "8.0.0-rc.2.23479.6",
        "contentHash": "hkjCtq/2i0oO+qDKjyAYeLquAhs2y3elEp/6V3+K7ffPwoSxFQ7nzrA5q6cYAJkFpClNZG0Lv3XAbEDy6W/z7w==",
        "dependencies": {
          "Microsoft.Extensions.Configuration": "8.0.0-rc.2.23479.6",
          "Microsoft.Extensions.Configuration.Abstractions": "8.0.0-rc.2.23479.6",
          "Microsoft.Extensions.Configuration.Binder": "8.0.0-rc.2.23479.6",
          "Microsoft.Extensions.Configuration.CommandLine": "8.0.0-rc.2.23479.6",
          "Microsoft.Extensions.Configuration.EnvironmentVariables": "8.0.0-rc.2.23479.6",
          "Microsoft.Extensions.Configuration.FileExtensions": "8.0.0-rc.2.23479.6",
          "Microsoft.Extensions.Configuration.Json": "8.0.0-rc.2.23479.6",
          "Microsoft.Extensions.Configuration.UserSecrets": "8.0.0-rc.2.23479.6",
          "Microsoft.Extensions.DependencyInjection": "8.0.0-rc.2.23479.6",
          "Microsoft.Extensions.DependencyInjection.Abstractions": "8.0.0-rc.2.23479.6",
          "Microsoft.Extensions.Diagnostics": "8.0.0-rc.2.23479.6",
          "Microsoft.Extensions.FileProviders.Abstractions": "8.0.0-rc.2.23479.6",
          "Microsoft.Extensions.FileProviders.Physical": "8.0.0-rc.2.23479.6",
          "Microsoft.Extensions.Hosting.Abstractions": "8.0.0-rc.2.23479.6",
          "Microsoft.Extensions.Logging": "8.0.0-rc.2.23479.6",
          "Microsoft.Extensions.Logging.Abstractions": "8.0.0-rc.2.23479.6",
          "Microsoft.Extensions.Logging.Configuration": "8.0.0-rc.2.23479.6",
          "Microsoft.Extensions.Logging.Console": "8.0.0-rc.2.23479.6",
          "Microsoft.Extensions.Logging.Debug": "8.0.0-rc.2.23479.6",
          "Microsoft.Extensions.Logging.EventLog": "8.0.0-rc.2.23479.6",
          "Microsoft.Extensions.Logging.EventSource": "8.0.0-rc.2.23479.6",
          "Microsoft.Extensions.Options": "8.0.0-rc.2.23479.6"
        }
      },
      "Microsoft.Extensions.Http": {
        "type": "Direct",
        "requested": "[8.0.0-rc.2.23479.6, )",
        "resolved": "8.0.0-rc.2.23479.6",
        "contentHash": "/liFq65exduN7ay7abtt7BcezfzwgYv4kG6KAwX2fXS+knyZVFoCJuCljOPTnU2gRpP9nJMKnmTropI9VffU6Q==",
        "dependencies": {
          "Microsoft.Extensions.Configuration.Abstractions": "8.0.0-rc.2.23479.6",
          "Microsoft.Extensions.DependencyInjection.Abstractions": "8.0.0-rc.2.23479.6",
          "Microsoft.Extensions.Diagnostics": "8.0.0-rc.2.23479.6",
          "Microsoft.Extensions.Logging": "8.0.0-rc.2.23479.6",
          "Microsoft.Extensions.Logging.Abstractions": "8.0.0-rc.2.23479.6",
          "Microsoft.Extensions.Options": "8.0.0-rc.2.23479.6"
        }
      },
      "System.Reactive": {
        "type": "Direct",
        "requested": "[6.0.0, )",
        "resolved": "6.0.0",
        "contentHash": "31kfaW4ZupZzPsI5PVe77VhnvFF55qgma7KZr/E0iFTs6fmdhhG8j0mgEx620iLTey1EynOkEfnyTjtNEpJzGw=="
      },
      "Microsoft.Extensions.Configuration": {
        "type": "Transitive",
        "resolved": "8.0.0-rc.2.23479.6",
        "contentHash": "EKodZ6NQYChCzAXCv4862OsVQcXM50vr0reWrtsmlv3vFyAvGOmqkbQyn4Gd07f4LJLkTSOCeWhpazzztSBHuA==",
        "dependencies": {
          "Microsoft.Extensions.Configuration.Abstractions": "8.0.0-rc.2.23479.6",
          "Microsoft.Extensions.Primitives": "8.0.0-rc.2.23479.6"
        }
      },
      "Microsoft.Extensions.Configuration.Abstractions": {
        "type": "Transitive",
        "resolved": "8.0.0-rc.2.23479.6",
        "contentHash": "l9dJA7vNLJtSwg0J3ThUA47YZiRVQIIhCyMMNu/wJ0KOawdMmbrzJnKfd1sioZp0JzT+1IjiVaUZWK0t47pPOQ==",
        "dependencies": {
          "Microsoft.Extensions.Primitives": "8.0.0-rc.2.23479.6"
        }
      },
      "Microsoft.Extensions.Configuration.Binder": {
        "type": "Transitive",
        "resolved": "8.0.0-rc.2.23479.6",
        "contentHash": "PCaxgxWQQ9Tp7s2ZGQ5gGgHJrZvof7Cx4ZYXACNGjSJqZy1fHLBGY9swBAF3EiYiZaT3Gi1n5ULcg4zBDyBQ8g==",
        "dependencies": {
          "Microsoft.Extensions.Configuration.Abstractions": "8.0.0-rc.2.23479.6"
        }
      },
      "Microsoft.Extensions.Configuration.CommandLine": {
        "type": "Transitive",
        "resolved": "8.0.0-rc.2.23479.6",
        "contentHash": "aM7UGF3ofB/q/bE9nLhZK7Ax8DCSJUyIfPTa3MJG+R2TEggWvsoRT2m7eNiHjBzOeTMZ1LwVQzECR9/KyQCMJA==",
        "dependencies": {
          "Microsoft.Extensions.Configuration": "8.0.0-rc.2.23479.6",
          "Microsoft.Extensions.Configuration.Abstractions": "8.0.0-rc.2.23479.6"
        }
      },
      "Microsoft.Extensions.Configuration.EnvironmentVariables": {
        "type": "Transitive",
        "resolved": "8.0.0-rc.2.23479.6",
        "contentHash": "Swl5+4V3iXQ1BdzqeocU6u08lwuMGuZqjx2xXVuk/3yrN9VDIHXexf6LJab/ekAMqD3uBxU8fHLzu9OHsUD9cA==",
        "dependencies": {
          "Microsoft.Extensions.Configuration": "8.0.0-rc.2.23479.6",
          "Microsoft.Extensions.Configuration.Abstractions": "8.0.0-rc.2.23479.6"
        }
      },
      "Microsoft.Extensions.Configuration.FileExtensions": {
        "type": "Transitive",
        "resolved": "8.0.0-rc.2.23479.6",
        "contentHash": "uO2QayG/1D7CwnQ7hV6+/gYlLETsveiQGalWsIzkNjuh0AnEd0YhOaPah1cl9PvETisoWritbbQ6X4vle3P5BA==",
        "dependencies": {
          "Microsoft.Extensions.Configuration": "8.0.0-rc.2.23479.6",
          "Microsoft.Extensions.Configuration.Abstractions": "8.0.0-rc.2.23479.6",
          "Microsoft.Extensions.FileProviders.Abstractions": "8.0.0-rc.2.23479.6",
          "Microsoft.Extensions.FileProviders.Physical": "8.0.0-rc.2.23479.6",
          "Microsoft.Extensions.Primitives": "8.0.0-rc.2.23479.6"
        }
      },
      "Microsoft.Extensions.Configuration.Json": {
        "type": "Transitive",
        "resolved": "8.0.0-rc.2.23479.6",
        "contentHash": "REfn7SU7wZ3DsArmkT4w14NSJMyNRyFebDYG46bSRiHw/DiTwse1l0kyVnM3h/7Uo+jRZjJZontjHgaVno2Z0g==",
        "dependencies": {
          "Microsoft.Extensions.Configuration": "8.0.0-rc.2.23479.6",
          "Microsoft.Extensions.Configuration.Abstractions": "8.0.0-rc.2.23479.6",
          "Microsoft.Extensions.Configuration.FileExtensions": "8.0.0-rc.2.23479.6",
          "Microsoft.Extensions.FileProviders.Abstractions": "8.0.0-rc.2.23479.6",
          "System.Text.Json": "8.0.0-rc.2.23479.6"
        }
      },
      "Microsoft.Extensions.Configuration.UserSecrets": {
        "type": "Transitive",
        "resolved": "8.0.0-rc.2.23479.6",
        "contentHash": "Mpgua/SswglsIT9LoLdMBxU0gGMyINHHp4yag4QNwl2LFI0RzN0TnYZgB1mJ/hk3MrMtRh6Cv3Ef1FV25sk0YQ==",
        "dependencies": {
          "Microsoft.Extensions.Configuration.Abstractions": "8.0.0-rc.2.23479.6",
          "Microsoft.Extensions.Configuration.Json": "8.0.0-rc.2.23479.6",
          "Microsoft.Extensions.FileProviders.Abstractions": "8.0.0-rc.2.23479.6",
          "Microsoft.Extensions.FileProviders.Physical": "8.0.0-rc.2.23479.6"
        }
      },
      "Microsoft.Extensions.DependencyInjection": {
        "type": "Transitive",
        "resolved": "8.0.0-rc.2.23479.6",
        "contentHash": "pUD/Gjd0MTrWPD4/SnKazYQvky2EHEtPyGb3FWZkEPWAfYPFVVw5fMRTkfoBPivpWLuxEw4FNK7GX77xEErUQQ==",
        "dependencies": {
          "Microsoft.Extensions.DependencyInjection.Abstractions": "8.0.0-rc.2.23479.6"
        }
      },
      "Microsoft.Extensions.DependencyInjection.Abstractions": {
        "type": "Transitive",
        "resolved": "8.0.0-rc.2.23479.6",
        "contentHash": "QLTBDvE/E05Xl2UVFXOBFIW0VLn/mMJ8DSbTyK6ODsO3sqDs0fyPqydACTnX/nbGZRrTMeud3XDbUrt24ab1EA=="
      },
      "Microsoft.Extensions.Diagnostics": {
        "type": "Transitive",
        "resolved": "8.0.0-rc.2.23479.6",
        "contentHash": "Vi2kvOc0RShw9CtEPRdWaaNQguZFZbGtfcJ1TNwhc3WxHYV/L+Z7yv5oWcMNMEg73IFYqZlw+O207wqF5tx6tw==",
        "dependencies": {
          "Microsoft.Extensions.Configuration": "8.0.0-rc.2.23479.6",
          "Microsoft.Extensions.Diagnostics.Abstractions": "8.0.0-rc.2.23479.6",
          "Microsoft.Extensions.Options.ConfigurationExtensions": "8.0.0-rc.2.23479.6"
        }
      },
      "Microsoft.Extensions.Diagnostics.Abstractions": {
        "type": "Transitive",
        "resolved": "8.0.0-rc.2.23479.6",
        "contentHash": "AuJAzE869SAnztIP7RNCKaihJpCKajS519g+Nmd7CorXc6Y559ygx/nm9JVCAm8cGEbedPhCyvTIkWnCsLV1GA==",
        "dependencies": {
          "Microsoft.Extensions.DependencyInjection.Abstractions": "8.0.0-rc.2.23479.6",
          "Microsoft.Extensions.Options": "8.0.0-rc.2.23479.6",
          "System.Diagnostics.DiagnosticSource": "8.0.0-rc.2.23479.6"
        }
      },
      "Microsoft.Extensions.FileProviders.Abstractions": {
        "type": "Transitive",
        "resolved": "8.0.0-rc.2.23479.6",
        "contentHash": "o7G1lHK9/gXYyVNh6AuUC5sCM6sWWbH1fgBlsju6ZSgG5dfrEQKJPxO7pTJNA2AGhjw7hi9MnuexbaBUg1gakg==",
        "dependencies": {
          "Microsoft.Extensions.Primitives": "8.0.0-rc.2.23479.6"
        }
      },
      "Microsoft.Extensions.FileProviders.Physical": {
        "type": "Transitive",
        "resolved": "8.0.0-rc.2.23479.6",
        "contentHash": "3UbcAzy97e6CapSOUW/xrExkQM9fE1MYP0mOMObEJFm9KiWqg8FLZ02A2gJR6nEF2mKxUlKpY8c8QQvpLjensw==",
        "dependencies": {
          "Microsoft.Extensions.FileProviders.Abstractions": "8.0.0-rc.2.23479.6",
          "Microsoft.Extensions.FileSystemGlobbing": "8.0.0-rc.2.23479.6",
          "Microsoft.Extensions.Primitives": "8.0.0-rc.2.23479.6"
        }
      },
      "Microsoft.Extensions.FileSystemGlobbing": {
        "type": "Transitive",
        "resolved": "8.0.0-rc.2.23479.6",
        "contentHash": "Y30EujGJNab4f0+cSd37Tei6PhSyL+dcjXYn9tZhd3+WhJYK1Rlo1fRAwtN1jYzQiKnKVUKdCzidaJwdpJyKuA=="
      },
      "Microsoft.Extensions.Hosting.Abstractions": {
        "type": "Transitive",
        "resolved": "8.0.0-rc.2.23479.6",
        "contentHash": "w0OmksSzyWzQOiWYqzNIHz/fjI+fOapCMRr5Vp2bQ3YD1LLFXrYPpBQstSZEdoSk6TqzBkCi6kW5C1foz3KcKg==",
        "dependencies": {
          "Microsoft.Extensions.Configuration.Abstractions": "8.0.0-rc.2.23479.6",
          "Microsoft.Extensions.DependencyInjection.Abstractions": "8.0.0-rc.2.23479.6",
          "Microsoft.Extensions.Diagnostics.Abstractions": "8.0.0-rc.2.23479.6",
          "Microsoft.Extensions.FileProviders.Abstractions": "8.0.0-rc.2.23479.6",
          "Microsoft.Extensions.Logging.Abstractions": "8.0.0-rc.2.23479.6"
        }
      },
      "Microsoft.Extensions.Logging": {
        "type": "Transitive",
        "resolved": "8.0.0-rc.2.23479.6",
        "contentHash": "EqCB9QQYUHUVklT1Us38PuiHNIAbYHVnAvPEpR8VSBbiCa1GUIOdW+zLR8Cvb9XtjDkirVA+eH84z0ktikPw5Q==",
        "dependencies": {
          "Microsoft.Extensions.DependencyInjection": "8.0.0-rc.2.23479.6",
          "Microsoft.Extensions.Logging.Abstractions": "8.0.0-rc.2.23479.6",
          "Microsoft.Extensions.Options": "8.0.0-rc.2.23479.6"
        }
      },
      "Microsoft.Extensions.Logging.Abstractions": {
        "type": "Transitive",
        "resolved": "8.0.0-rc.2.23479.6",
        "contentHash": "xuQcOpvz76nTYytCf9HrHGCbMq/PU/ZGSkhX/grDBfWHZ1gjz38hDjrYn4NMr5DnndNtou4yn6tR5q0hjCr9pw==",
        "dependencies": {
          "Microsoft.Extensions.DependencyInjection.Abstractions": "8.0.0-rc.2.23479.6"
        }
      },
      "Microsoft.Extensions.Logging.Configuration": {
        "type": "Transitive",
        "resolved": "8.0.0-rc.2.23479.6",
        "contentHash": "ajdijP8unIuHcNm8sxKWPo6lwEOjTFIVJrEEvrYuW/ChVEE4/A6WdI7SHuHGREMWiGem4mRX4yGR0BkKdGv+5g==",
        "dependencies": {
          "Microsoft.Extensions.Configuration": "8.0.0-rc.2.23479.6",
          "Microsoft.Extensions.Configuration.Abstractions": "8.0.0-rc.2.23479.6",
          "Microsoft.Extensions.Configuration.Binder": "8.0.0-rc.2.23479.6",
          "Microsoft.Extensions.DependencyInjection.Abstractions": "8.0.0-rc.2.23479.6",
          "Microsoft.Extensions.Logging": "8.0.0-rc.2.23479.6",
          "Microsoft.Extensions.Logging.Abstractions": "8.0.0-rc.2.23479.6",
          "Microsoft.Extensions.Options": "8.0.0-rc.2.23479.6",
          "Microsoft.Extensions.Options.ConfigurationExtensions": "8.0.0-rc.2.23479.6"
        }
      },
      "Microsoft.Extensions.Logging.Console": {
        "type": "Transitive",
        "resolved": "8.0.0-rc.2.23479.6",
        "contentHash": "ZtUuayLcAEfV9MP6Hscqwx8zWbqXsx8YZMZOb1lpj0L9K/ycuk31NA5/h+AR7fNeXihlxRGqDTGnrkqZzraevw==",
        "dependencies": {
          "Microsoft.Extensions.DependencyInjection.Abstractions": "8.0.0-rc.2.23479.6",
          "Microsoft.Extensions.Logging": "8.0.0-rc.2.23479.6",
          "Microsoft.Extensions.Logging.Abstractions": "8.0.0-rc.2.23479.6",
          "Microsoft.Extensions.Logging.Configuration": "8.0.0-rc.2.23479.6",
          "Microsoft.Extensions.Options": "8.0.0-rc.2.23479.6",
          "System.Text.Json": "8.0.0-rc.2.23479.6"
        }
      },
      "Microsoft.Extensions.Logging.Debug": {
        "type": "Transitive",
        "resolved": "8.0.0-rc.2.23479.6",
        "contentHash": "8aO7p+Bsh0TbE8N0FDP2vXenJhNoR9qTb6JudtMQuH8LvP6aXQBFqadMdWtCuo/+Quo7qwmuDlbULM/0RLGyDA==",
        "dependencies": {
          "Microsoft.Extensions.DependencyInjection.Abstractions": "8.0.0-rc.2.23479.6",
          "Microsoft.Extensions.Logging": "8.0.0-rc.2.23479.6",
          "Microsoft.Extensions.Logging.Abstractions": "8.0.0-rc.2.23479.6"
        }
      },
      "Microsoft.Extensions.Logging.EventLog": {
        "type": "Transitive",
        "resolved": "8.0.0-rc.2.23479.6",
        "contentHash": "kYzA/FsK+WyS3O9ivvawwzoQFCMEzN0p9dUdWQ5vBBlBZbwasDAa2pqNf01Stud62WN0JrEy6Y8H2Jo4BcC2KQ==",
        "dependencies": {
          "Microsoft.Extensions.DependencyInjection.Abstractions": "8.0.0-rc.2.23479.6",
          "Microsoft.Extensions.Logging": "8.0.0-rc.2.23479.6",
          "Microsoft.Extensions.Logging.Abstractions": "8.0.0-rc.2.23479.6",
          "Microsoft.Extensions.Options": "8.0.0-rc.2.23479.6",
          "System.Diagnostics.EventLog": "8.0.0-rc.2.23479.6"
        }
      },
      "Microsoft.Extensions.Logging.EventSource": {
        "type": "Transitive",
        "resolved": "8.0.0-rc.2.23479.6",
        "contentHash": "4OoN1QGiNNXdQB9bdE9wO9Po7ZYxGeALVOhiCSC8U0lTp6sc/xh9saQRGaOeFfXiiOcoe/eYpINVI7cQ12lt0Q==",
        "dependencies": {
          "Microsoft.Extensions.DependencyInjection.Abstractions": "8.0.0-rc.2.23479.6",
          "Microsoft.Extensions.Logging": "8.0.0-rc.2.23479.6",
          "Microsoft.Extensions.Logging.Abstractions": "8.0.0-rc.2.23479.6",
          "Microsoft.Extensions.Options": "8.0.0-rc.2.23479.6",
          "Microsoft.Extensions.Primitives": "8.0.0-rc.2.23479.6",
          "System.Text.Json": "8.0.0-rc.2.23479.6"
        }
      },
      "Microsoft.Extensions.Options": {
        "type": "Transitive",
        "resolved": "8.0.0-rc.2.23479.6",
        "contentHash": "f2uTnKEleplKK+pVKEg1rOCmM3+cuLpafTpKJzbj9lm8dmj0+dWxb0L6MAt9r1s3OYlIKY5IdkW0TUFKXvRCMg==",
        "dependencies": {
          "Microsoft.Extensions.DependencyInjection.Abstractions": "8.0.0-rc.2.23479.6",
          "Microsoft.Extensions.Primitives": "8.0.0-rc.2.23479.6"
        }
      },
      "Microsoft.Extensions.Options.ConfigurationExtensions": {
        "type": "Transitive",
        "resolved": "8.0.0-rc.2.23479.6",
        "contentHash": "KTRXGMIX1A99qYV94ioU9XeWUgftfivS7NWIe4wrCdBYV9G915kvCJEcAU9QeUlogN8t53nqPY+RQUMUTvFGkg==",
        "dependencies": {
          "Microsoft.Extensions.Configuration.Abstractions": "8.0.0-rc.2.23479.6",
          "Microsoft.Extensions.Configuration.Binder": "8.0.0-rc.2.23479.6",
          "Microsoft.Extensions.DependencyInjection.Abstractions": "8.0.0-rc.2.23479.6",
          "Microsoft.Extensions.Options": "8.0.0-rc.2.23479.6",
          "Microsoft.Extensions.Primitives": "8.0.0-rc.2.23479.6"
        }
      },
      "Microsoft.Extensions.Primitives": {
        "type": "Transitive",
        "resolved": "8.0.0-rc.2.23479.6",
        "contentHash": "I3fTiDmV+2cCR3VjH+oz49AMgrAqX1cmNiWXmEAituAI7jCLA16uXzvYQTwxhQzov5BTdPVXKGNTxsMb1GpcLQ=="
      },
      "System.Diagnostics.DiagnosticSource": {
        "type": "Transitive",
        "resolved": "8.0.0-rc.2.23479.6",
        "contentHash": "D1Fi5wRyRVwriEdlSniYlo2kW8SCGaSCM/alsY8R7eXcW+xCPRB7gohE45X00EiNkhdUrJ3yNfltV8lLK0HoWQ=="
      },
      "System.Diagnostics.EventLog": {
        "type": "Transitive",
        "resolved": "8.0.0-rc.2.23479.6",
        "contentHash": "HMyVSVGuhpzOV1y8j/+y2HZAAo7E1m8WhSZCDsgDG6GDzrUL3voCURbrBlAeLNParK8QNO5Ht06ccWuXOMLYIA=="
      },
      "System.Text.Encodings.Web": {
        "type": "Transitive",
        "resolved": "8.0.0-rc.2.23479.6",
        "contentHash": "n66ZIJjetmrMq9hJ61Xed2cp9O2zr/VdzhhURjkLDEFOZ38/VpOWnvM3CWCXA18NbM7x0tdKZYex9rj0NimpPA=="
      },
      "System.Text.Json": {
        "type": "Transitive",
        "resolved": "8.0.0-rc.2.23479.6",
        "contentHash": "SXMjrmm/e0Om+731AEUgm+81dC+i9mV54nKJGOq9+zTYpzujMCmSQSMS1sgQb0gmiiAfTfRC5WgD3l92cfAP+g==",
        "dependencies": {
          "System.Text.Encodings.Web": "8.0.0-rc.2.23479.6"
        }
      },
      "gw2sdk": {
        "type": "Project",
        "dependencies": {
          "System.Text.Json": "[8.0.0-rc.2.23479.6, )"
        }
      }
    }
  }
}