{
  "version": 1,
  "dependencies": {
    "net6.0": {
      "Spectre.Console": {
        "type": "Direct",
        "requested": "[0.43.0, )",
        "resolved": "0.43.0",
        "contentHash": "TyfzVxx3jHr1FeeI9Z6Jn6QTnP7KduV14dn9GTYc0v/t2h4L6WJ0Kc2DOnOJUlGBQ/qXK4P+HITIR/JTHcKYLg=="
      },
      "Spectre.Console.ImageSharp": {
        "type": "Direct",
        "requested": "[0.43.0, )",
        "resolved": "0.43.0",
        "contentHash": "Y+UYKSx7VV9i2MCrMjAuQNRxV0oqtELEBcLOzwUlgPpMrPTyXz79mNC89SLUjwCnRcVghlIALxXEow0eLv6AkA==",
        "dependencies": {
          "SixLabors.ImageSharp": "1.0.2",
          "Spectre.Console": "0.43.0"
        }
      },
      "System.Linq.Async": {
        "type": "Direct",
        "requested": "[6.0.1, )",
        "resolved": "6.0.1",
        "contentHash": "0YhHcaroWpQ9UCot3Pizah7ryAzQhNvobLMSxeDIGmnXfkQn8u5owvpOH0K6EVB+z9L7u6Cc4W17Br/+jyttEQ==",
        "dependencies": {
          "Microsoft.Bcl.AsyncInterfaces": "6.0.0"
        }
      },
      "Microsoft.Bcl.AsyncInterfaces": {
        "type": "Transitive",
        "resolved": "6.0.0",
        "contentHash": "UcSjPsst+DfAdJGVDsu346FX0ci0ah+lw3WRtn18NUwEqRt70HaOQ7lI72vy3+1LxtqI3T5GWwV39rQSrCzAeg=="
      },
      "SixLabors.ImageSharp": {
        "type": "Transitive",
        "resolved": "1.0.2",
        "contentHash": "iZJ37Iss3pUkFl961x1aka85QuvgY9oNZabHijzVnHs4QTz6EMNx3zjJDyvK/0+Ryj6JPv/PC7GVIJXLHtu2nQ=="
      },
      "System.Text.Json": {
        "type": "Transitive",
        "resolved": "5.0.2",
        "contentHash": "I47dVIGiV6SfAyppphxqupertT/5oZkYLDCX6vC3HpOI4ZLjyoKAreUoem2ie6G0RbRuFrlqz/PcTQjfb2DOfQ=="
      },
      "gw2sdk": {
        "type": "Project",
        "dependencies": {
          "System.Text.Json": "5.0.2"
        }
      }
    }
  }
}